
Microsoft Visual Studio Solution File, Format Version 12.00
# Visual Studio Version 17
VisualStudioVersion = 17.1.32228.430
MinimumVisualStudioVersion = 10.0.40219.1
Project("{FAE04EC0-301F-11D3-BF4B-00C04F79EFBC}") = "traveling1.Android", "traveling1\traveling1.Android\traveling1.Android.csproj", "{51F590DD-1AC5-4B23-887F-5EB8E0AB08F5}"
EndProject
Project("{9A19103F-16F7-4668-BE54-9A1E7A4F7556}") = "traveling1", "traveling1\traveling1\traveling1.csproj", "{E73B50CD-A26B-40E7-9AC0-49222B13B5BE}"
EndProject
Global
	GlobalSection(SolutionConfigurationPlatforms) = preSolution
		Debug|Any CPU = Debug|Any CPU
		Release|Any CPU = Release|Any CPU
	EndGlobalSection
	GlobalSection(ProjectConfigurationPlatforms) = postSolution
		{51F590DD-1AC5-4B23-887F-5EB8E0AB08F5}.Debug|Any CPU.ActiveCfg = Debug|Any CPU
		{51F590DD-1AC5-4B23-887F-5EB8E0AB08F5}.Debug|Any CPU.Build.0 = Debug|Any CPU
		{51F590DD-1AC5-4B23-887F-5EB8E0AB08F5}.Debug|Any CPU.Deploy.0 = Debug|Any CPU
		{51F590DD-1AC5-4B23-887F-5EB8E0AB08F5}.Release|Any CPU.ActiveCfg = Release|Any CPU
		{51F590DD-1AC5-4B23-887F-5EB8E0AB08F5}.Release|Any CPU.Build.0 = Release|Any CPU
		{51F590DD-1AC5-4B23-887F-5EB8E0AB08F5}.Release|Any CPU.Deploy.0 = Release|Any CPU
		{E73B50CD-A26B-40E7-9AC0-49222B13B5BE}.Debug|Any CPU.ActiveCfg = Debug|Any CPU
		{E73B50CD-A26B-40E7-9AC0-49222B13B5BE}.Debug|Any CPU.Build.0 = Debug|Any CPU
		{E73B50CD-A26B-40E7-9AC0-49222B13B5BE}.Debug|Any CPU.Deploy.0 = Debug|Any CPU
		{E73B50CD-A26B-40E7-9AC0-49222B13B5BE}.Release|Any CPU.ActiveCfg = Release|Any CPU
		{E73B50CD-A26B-40E7-9AC0-49222B13B5BE}.Release|Any CPU.Build.0 = Release|Any CPU
		{E73B50CD-A26B-40E7-9AC0-49222B13B5BE}.Release|Any CPU.Deploy.0 = Release|Any CPU
	EndGlobalSection
	GlobalSection(SolutionProperties) = preSolution
		HideSolutionNode = FALSE
	EndGlobalSection
	GlobalSection(ExtensibilityGlobals) = postSolution
		SolutionGuid = {9CE473DB-9697-415C-AD63-FEC92BEC5052}
	EndGlobalSection
EndGlobal
